
Microsoft Visual Studio Solution File, Format Version 11.00
# Visual Studio 2010
Project("{FAE04EC0-301F-11D3-BF4B-00C04F79EFBC}") = "20130520MotionAnalysisStudent", "20130520MotionAnalysisStudent\20130520MotionAnalysisStudent.csproj", "{84579953-546E-47B6-9B10-B62B85F91855}"
EndProject
Global
	GlobalSection(SolutionConfigurationPlatforms) = preSolution
		Debug|x86 = Debug|x86
		Release|x86 = Release|x86
	EndGlobalSection
	GlobalSection(ProjectConfigurationPlatforms) = postSolution
		{84579953-546E-47B6-9B10-B62B85F91855}.Debug|x86.ActiveCfg = Debug|x86
		{84579953-546E-47B6-9B10-B62B85F91855}.Debug|x86.Build.0 = Debug|x86
		{84579953-546E-47B6-9B10-B62B85F91855}.Release|x86.ActiveCfg = Release|x86
		{84579953-546E-47B6-9B10-B62B85F91855}.Release|x86.Build.0 = Release|x86
	EndGlobalSection
	GlobalSection(SolutionProperties) = preSolution
		HideSolutionNode = FALSE
	EndGlobalSection
EndGlobal
